
Microsoft Visual Studio Solution File, Format Version 12.00
# Visual Studio 15
VisualStudioVersion = 15.0.28010.2036
MinimumVisualStudioVersion = 10.0.40219.1
Project("{FAE04EC0-301F-11D3-BF4B-00C04F79EFBC}") = "ResourceRevolutionary", "ResourceRevolutionary\ResourceRevolutionary.csproj", "{5E3281D9-FD77-47DA-BE5D-F9C7F5F26F6E}"
EndProject
Global
	GlobalSection(SolutionConfigurationPlatforms) = preSolution
		Debug|Any CPU = Debug|Any CPU
		Release|Any CPU = Release|Any CPU
	EndGlobalSection
	GlobalSection(ProjectConfigurationPlatforms) = postSolution
		{5E3281D9-FD77-47DA-BE5D-F9C7F5F26F6E}.Debug|Any CPU.ActiveCfg = Debug|Any CPU
		{5E3281D9-FD77-47DA-BE5D-F9C7F5F26F6E}.Debug|Any CPU.Build.0 = Debug|Any CPU
		{5E3281D9-FD77-47DA-BE5D-F9C7F5F26F6E}.Release|Any CPU.ActiveCfg = Release|Any CPU
		{5E3281D9-FD77-47DA-BE5D-F9C7F5F26F6E}.Release|Any CPU.Build.0 = Release|Any CPU
	EndGlobalSection
	GlobalSection(SolutionProperties) = preSolution
		HideSolutionNode = FALSE
	EndGlobalSection
	GlobalSection(ExtensibilityGlobals) = postSolution
		SolutionGuid = {C0460928-4736-4F2E-BF3E-3D61035CD2F6}
	EndGlobalSection
EndGlobal
